{
  "name": "hello-world-nv",
  "version": "1.0.0",
  "lockfileVersion": 2,
  "requires": true,
  "packages": {
    "": {
      "name": "hello-world-nv",
      "version": "1.0.0",
      "license": "ISC",
      "dependencies": {
        "lucky": "^1.1.0",
        "playwright": "^1.24.2"
      }
    },
    "node_modules/colors-mini": {
      "version": "1.0.2",
      "resolved": "https://registry.npmjs.org/colors-mini/-/colors-mini-1.0.2.tgz",
      "integrity": "sha512-h/GBKEgbYUYkvlB1RlDUyd47ZQGEmJhSznziOo+q9DIL60AyAqPd/ROYZQWyy9FcadCbpPWLkpWD9pGiW1pXYA==",
      "engines": {
        "node": ">=0.10"
      }
    },
    "node_modules/commander": {
      "version": "2.20.3",
      "resolved": "https://registry.npmjs.org/commander/-/commander-2.20.3.tgz",
      "integrity": "sha512-GpVkmM8vF2vQUkj2LvZmD35JxeJOLCwJ9cUkugyk2nuhbv3+mJvpLYYt+0+USMxE+oj+ey/lJEnhZw75x/OMcQ=="
    },
    "node_modules/lucky": {
      "version": "1.1.0",
      "resolved": "https://registry.npmjs.org/lucky/-/lucky-1.1.0.tgz",
      "integrity": "sha512-0ZnLmpWK9v20zttNnKtGYZ4V//Nz9OybEQorUFKe7S1Gs4JEmyGCJ6fpKBqMzC0k5OiCtmCl7SdLODxTbI9kPw==",
      "dependencies": {
        "colors-mini": "^1.0.2",
        "commander": "^2.9.0"
      },
      "bin": {
        "lucky": "bin/lucky.js"
      },
      "engines": {
        "node": "*"
      }
    },
    "node_modules/playwright": {
      "version": "1.24.2",
      "resolved": "https://registry.npmjs.org/playwright/-/playwright-1.24.2.tgz",
      "integrity": "sha512-iMWDLgaFRT+7dXsNeYwgl8nhLHsUrzFyaRVC+ftr++P1dVs70mPrFKBZrGp1fOKigHV9d1syC03IpPbqLKlPsg==",
      "hasInstallScript": true,
      "dependencies": {
        "playwright-core": "1.24.2"
      },
      "bin": {
        "playwright": "cli.js"
      },
      "engines": {
        "node": ">=14"
      }
    },
    "node_modules/playwright-core": {
      "version": "1.24.2",
      "resolved": "https://registry.npmjs.org/playwright-core/-/playwright-core-1.24.2.tgz",
      "integrity": "sha512-zfAoDoPY/0sDLsgSgLZwWmSCevIg1ym7CppBwllguVBNiHeixZkc1AdMuYUPZC6AdEYc4CxWEyLMBTw2YcmRrA==",
      "bin": {
        "playwright": "cli.js"
      },
      "engines": {
        "node": ">=14"
      }
    }
  },
  "dependencies": {
    "colors-mini": {
      "version": "1.0.2",
      "resolved": "https://registry.npmjs.org/colors-mini/-/colors-mini-1.0.2.tgz",
      "integrity": "sha512-h/GBKEgbYUYkvlB1RlDUyd47ZQGEmJhSznziOo+q9DIL60AyAqPd/ROYZQWyy9FcadCbpPWLkpWD9pGiW1pXYA=="
    },
    "commander": {
      "version": "2.20.3",
      "resolved": "https://registry.npmjs.org/commander/-/commander-2.20.3.tgz",
      "integrity": "sha512-GpVkmM8vF2vQUkj2LvZmD35JxeJOLCwJ9cUkugyk2nuhbv3+mJvpLYYt+0+USMxE+oj+ey/lJEnhZw75x/OMcQ=="
    },
    "lucky": {
      "version": "1.1.0",
      "resolved": "https://registry.npmjs.org/lucky/-/lucky-1.1.0.tgz",
      "integrity": "sha512-0ZnLmpWK9v20zttNnKtGYZ4V//Nz9OybEQorUFKe7S1Gs4JEmyGCJ6fpKBqMzC0k5OiCtmCl7SdLODxTbI9kPw==",
      "requires": {
        "colors-mini": "^1.0.2",
        "commander": "^2.9.0"
      }
    },
    "playwright": {
      "version": "1.24.2",
      "resolved": "https://registry.npmjs.org/playwright/-/playwright-1.24.2.tgz",
      "integrity": "sha512-iMWDLgaFRT+7dXsNeYwgl8nhLHsUrzFyaRVC+ftr++P1dVs70mPrFKBZrGp1fOKigHV9d1syC03IpPbqLKlPsg==",
      "requires": {
        "playwright-core": "1.24.2"
      }
    },
    "playwright-core": {
      "version": "1.24.2",
      "resolved": "https://registry.npmjs.org/playwright-core/-/playwright-core-1.24.2.tgz",
      "integrity": "sha512-zfAoDoPY/0sDLsgSgLZwWmSCevIg1ym7CppBwllguVBNiHeixZkc1AdMuYUPZC6AdEYc4CxWEyLMBTw2YcmRrA=="
    }
  }
}
